
Microsoft Visual Studio Solution File, Format Version 12.00
Project("{FAE04EC0-301F-11D3-BF4B-00C04F79EFBC}") = "Gazda.HttpMock", "Gazda.HttpMock\Gazda.HttpMock.csproj", "{6687E938-0D59-473A-867B-5E9021DD22EA}"
EndProject
Project("{FAE04EC0-301F-11D3-BF4B-00C04F79EFBC}") = "Gazda.HttpMock.Tests", "Gazda.HttpMock.Tests\Gazda.HttpMock.Tests.csproj", "{2FAB3221-6258-418B-B169-D40913085D1C}"
EndProject
Global
	GlobalSection(SolutionConfigurationPlatforms) = preSolution
		Debug|Any CPU = Debug|Any CPU
		Release|Any CPU = Release|Any CPU
	EndGlobalSection
	GlobalSection(ProjectConfigurationPlatforms) = postSolution
		{6687E938-0D59-473A-867B-5E9021DD22EA}.Debug|Any CPU.ActiveCfg = Debug|Any CPU
		{6687E938-0D59-473A-867B-5E9021DD22EA}.Debug|Any CPU.Build.0 = Debug|Any CPU
		{6687E938-0D59-473A-867B-5E9021DD22EA}.Release|Any CPU.ActiveCfg = Release|Any CPU
		{6687E938-0D59-473A-867B-5E9021DD22EA}.Release|Any CPU.Build.0 = Release|Any CPU
		{2FAB3221-6258-418B-B169-D40913085D1C}.Debug|Any CPU.ActiveCfg = Debug|Any CPU
		{2FAB3221-6258-418B-B169-D40913085D1C}.Debug|Any CPU.Build.0 = Debug|Any CPU
		{2FAB3221-6258-418B-B169-D40913085D1C}.Release|Any CPU.ActiveCfg = Release|Any CPU
		{2FAB3221-6258-418B-B169-D40913085D1C}.Release|Any CPU.Build.0 = Release|Any CPU
	EndGlobalSection
EndGlobal
